
Microsoft Visual Studio Solution File, Format Version 12.00
# Visual Studio 14
VisualStudioVersion = 14.0.25420.1
MinimumVisualStudioVersion = 10.0.40219.1
Project("{FAE04EC0-301F-11D3-BF4B-00C04F79EFBC}") = "SimpleDatabase", "SimpleDatabase\SimpleDatabase.csproj", "{7FF9841C-E466-4BE3-947B-4C6EB8802A82}"
EndProject
Project("{FAE04EC0-301F-11D3-BF4B-00C04F79EFBC}") = "Database", "Database\Database.csproj", "{353E9FB9-CC38-460F-8560-BF1678D318D0}"
EndProject
Project("{FAE04EC0-301F-11D3-BF4B-00C04F79EFBC}") = "FBaseClient", "FBaseClient\FBaseClient.csproj", "{156360A5-2C1E-4B3B-8111-3693F894816A}"
EndProject
Project("{FAE04EC0-301F-11D3-BF4B-00C04F79EFBC}") = "SimpleClient", "SimpleClient\SimpleClient.csproj", "{18A54DC6-B268-4405-8480-0D29C7391E80}"
EndProject
Global
	GlobalSection(SolutionConfigurationPlatforms) = preSolution
		Debug|Any CPU = Debug|Any CPU
		Release|Any CPU = Release|Any CPU
	EndGlobalSection
	GlobalSection(ProjectConfigurationPlatforms) = postSolution
		{7FF9841C-E466-4BE3-947B-4C6EB8802A82}.Debug|Any CPU.ActiveCfg = Debug|Any CPU
		{7FF9841C-E466-4BE3-947B-4C6EB8802A82}.Debug|Any CPU.Build.0 = Debug|Any CPU
		{7FF9841C-E466-4BE3-947B-4C6EB8802A82}.Release|Any CPU.ActiveCfg = Release|Any CPU
		{7FF9841C-E466-4BE3-947B-4C6EB8802A82}.Release|Any CPU.Build.0 = Release|Any CPU
		{353E9FB9-CC38-460F-8560-BF1678D318D0}.Debug|Any CPU.ActiveCfg = Debug|Any CPU
		{353E9FB9-CC38-460F-8560-BF1678D318D0}.Debug|Any CPU.Build.0 = Debug|Any CPU
		{353E9FB9-CC38-460F-8560-BF1678D318D0}.Release|Any CPU.ActiveCfg = Release|Any CPU
		{353E9FB9-CC38-460F-8560-BF1678D318D0}.Release|Any CPU.Build.0 = Release|Any CPU
		{156360A5-2C1E-4B3B-8111-3693F894816A}.Debug|Any CPU.ActiveCfg = Debug|Any CPU
		{156360A5-2C1E-4B3B-8111-3693F894816A}.Debug|Any CPU.Build.0 = Debug|Any CPU
		{156360A5-2C1E-4B3B-8111-3693F894816A}.Release|Any CPU.ActiveCfg = Release|Any CPU
		{156360A5-2C1E-4B3B-8111-3693F894816A}.Release|Any CPU.Build.0 = Release|Any CPU
		{18A54DC6-B268-4405-8480-0D29C7391E80}.Debug|Any CPU.ActiveCfg = Debug|Any CPU
		{18A54DC6-B268-4405-8480-0D29C7391E80}.Debug|Any CPU.Build.0 = Debug|Any CPU
		{18A54DC6-B268-4405-8480-0D29C7391E80}.Release|Any CPU.ActiveCfg = Release|Any CPU
		{18A54DC6-B268-4405-8480-0D29C7391E80}.Release|Any CPU.Build.0 = Release|Any CPU
	EndGlobalSection
	GlobalSection(SolutionProperties) = preSolution
		HideSolutionNode = FALSE
	EndGlobalSection
EndGlobal
